
Microsoft Visual Studio Solution File, Format Version 12.00
# Visual Studio Version 17
VisualStudioVersion = 17.4.33213.308
MinimumVisualStudioVersion = 10.0.40219.1
Project("{FAE04EC0-301F-11D3-BF4B-00C04F79EFBC}") = "TBolgerCode", "TBolgerCode\TBolgerCode.csproj", "{A90C4533-4483-4645-86F2-86A7A6852786}"
EndProject
Global
	GlobalSection(SolutionConfigurationPlatforms) = preSolution
		Debug|Any CPU = Debug|Any CPU
		Release|Any CPU = Release|Any CPU
	EndGlobalSection
	GlobalSection(ProjectConfigurationPlatforms) = postSolution
		{A90C4533-4483-4645-86F2-86A7A6852786}.Debug|Any CPU.ActiveCfg = Debug|Any CPU
		{A90C4533-4483-4645-86F2-86A7A6852786}.Debug|Any CPU.Build.0 = Debug|Any CPU
		{A90C4533-4483-4645-86F2-86A7A6852786}.Release|Any CPU.ActiveCfg = Release|Any CPU
		{A90C4533-4483-4645-86F2-86A7A6852786}.Release|Any CPU.Build.0 = Release|Any CPU
	EndGlobalSection
	GlobalSection(SolutionProperties) = preSolution
		HideSolutionNode = FALSE
	EndGlobalSection
	GlobalSection(ExtensibilityGlobals) = postSolution
		SolutionGuid = {BBCCAC10-3664-4A48-A467-63C1B24469E7}
	EndGlobalSection
EndGlobal
